
Microsoft Visual Studio Solution File, Format Version 12.00
# Visual Studio Version 17
VisualStudioVersion = 17.4.33205.214
MinimumVisualStudioVersion = 10.0.40219.1
Project("{FAE04EC0-301F-11D3-BF4B-00C04F79EFBC}") = "pruebadewebapp", "pruebadewebapp\pruebadewebapp.csproj", "{F4B6EB5E-08CC-48AD-8B4F-43DC69BCBDFC}"
EndProject
Global
	GlobalSection(SolutionConfigurationPlatforms) = preSolution
		Debug|Any CPU = Debug|Any CPU
		Release|Any CPU = Release|Any CPU
	EndGlobalSection
	GlobalSection(ProjectConfigurationPlatforms) = postSolution
		{F4B6EB5E-08CC-48AD-8B4F-43DC69BCBDFC}.Debug|Any CPU.ActiveCfg = Debug|Any CPU
		{F4B6EB5E-08CC-48AD-8B4F-43DC69BCBDFC}.Debug|Any CPU.Build.0 = Debug|Any CPU
		{F4B6EB5E-08CC-48AD-8B4F-43DC69BCBDFC}.Release|Any CPU.ActiveCfg = Release|Any CPU
		{F4B6EB5E-08CC-48AD-8B4F-43DC69BCBDFC}.Release|Any CPU.Build.0 = Release|Any CPU
	EndGlobalSection
	GlobalSection(SolutionProperties) = preSolution
		HideSolutionNode = FALSE
	EndGlobalSection
	GlobalSection(ExtensibilityGlobals) = postSolution
		SolutionGuid = {6E473AD9-F789-479F-BC0C-CA365CB48CFF}
	EndGlobalSection
EndGlobal
